
Microsoft Visual Studio Solution File, Format Version 12.00
# Visual Studio Version 17
VisualStudioVersion = 17.0.32014.148
MinimumVisualStudioVersion = 10.0.40219.1
Project("{FAE04EC0-301F-11D3-BF4B-00C04F79EFBC}") = "TinyTokenRSA", "TinyTokenRSA.csproj", "{AAB5E997-C3F7-4932-8198-86C3A9E06B80}"
EndProject
Global
	GlobalSection(SolutionConfigurationPlatforms) = preSolution
		Debug|Any CPU = Debug|Any CPU
		Release|Any CPU = Release|Any CPU
	EndGlobalSection
	GlobalSection(ProjectConfigurationPlatforms) = postSolution
		{AAB5E997-C3F7-4932-8198-86C3A9E06B80}.Debug|Any CPU.ActiveCfg = Debug|Any CPU
		{AAB5E997-C3F7-4932-8198-86C3A9E06B80}.Debug|Any CPU.Build.0 = Debug|Any CPU
		{AAB5E997-C3F7-4932-8198-86C3A9E06B80}.Release|Any CPU.ActiveCfg = Release|Any CPU
		{AAB5E997-C3F7-4932-8198-86C3A9E06B80}.Release|Any CPU.Build.0 = Release|Any CPU
	EndGlobalSection
	GlobalSection(SolutionProperties) = preSolution
		HideSolutionNode = FALSE
	EndGlobalSection
	GlobalSection(ExtensibilityGlobals) = postSolution
		SolutionGuid = {BBF20F72-697F-44F1-B2D8-A2B237DA1D1A}
	EndGlobalSection
EndGlobal
